
Microsoft Visual Studio Solution File, Format Version 12.00
# Visual Studio Version 17
VisualStudioVersion = 17.3.32804.467
MinimumVisualStudioVersion = 10.0.40219.1
Project("{9A19103F-16F7-4668-BE54-9A1E7A4F7556}") = "SomeScripts", "SomeScripts\SomeScripts.csproj", "{61D64752-7DB6-4708-9C5D-788CD09C6A73}"
EndProject
Project("{9A19103F-16F7-4668-BE54-9A1E7A4F7556}") = "MergeBilibiliMedia", "MergeBilibiliMedia\MergeBilibiliMedia.csproj", "{DA1685A9-28D2-4BD0-A286-8A3CCAE03346}"
EndProject
Project("{9A19103F-16F7-4668-BE54-9A1E7A4F7556}") = "Shared", "Shared\Shared.csproj", "{BBDFED73-B182-48A1-8608-4D9CC276459D}"
EndProject
Project("{2150E333-8FDC-42A3-9474-1A3956D46DE8}") = "Solution Items", "Solution Items", "{F809FE23-13EE-44E7-AE24-DD761AE510C5}"
	ProjectSection(SolutionItems) = preProject
		.editorconfig = .editorconfig
	EndProjectSection
EndProject
Project("{9A19103F-16F7-4668-BE54-9A1E7A4F7556}") = "BackUpBrowserData", "BackUpBrowserData\BackUpBrowserData.csproj", "{CAEF4DC6-AF74-4FC0-AE9D-FB90BFB3E532}"
EndProject
Project("{9A19103F-16F7-4668-BE54-9A1E7A4F7556}") = "ImageProcessing", "ImageProcessing\ImageProcessing.csproj", "{AE4CBAE7-E026-4207-B3D0-131A2CF286E7}"
EndProject
Project("{9A19103F-16F7-4668-BE54-9A1E7A4F7556}") = "ExtractWordImages", "ExtractWordImages\ExtractWordImages.csproj", "{C8F4AE21-9ABA-4D32-ADE1-0587C5E3A346}"
EndProject
Project("{9A19103F-16F7-4668-BE54-9A1E7A4F7556}") = "OfficeFormatConverter", "OfficeFormatConverter\OfficeFormatConverter.csproj", "{B99BE30E-6E55-4137-A6B0-8E11EC0DF519}"
EndProject
Project("{9A19103F-16F7-4668-BE54-9A1E7A4F7556}") = "SubtitleAdjustment", "SubtitleAdjustment\SubtitleAdjustment.csproj", "{E24F35EF-41B0-4E92-93AB-2D7D6DBF0B70}"
EndProject
Project("{9A19103F-16F7-4668-BE54-9A1E7A4F7556}") = "SimpleScripts", "SimpleScripts\SimpleScripts.csproj", "{F10B498F-757B-4398-A734-E430528EBCB3}"
EndProject
Project("{9A19103F-16F7-4668-BE54-9A1E7A4F7556}") = "WordBatchProcessing", "WordBatchProcessing\WordBatchProcessing.csproj", "{CBCEA717-F30A-4235-8329-B201B826C433}"
EndProject
Project("{9A19103F-16F7-4668-BE54-9A1E7A4F7556}") = "VisioScripts", "VisioScripts\VisioScripts.csproj", "{D0B34C6B-4158-4DD6-A08C-B238EEB5CC91}"
EndProject
Project("{9A19103F-16F7-4668-BE54-9A1E7A4F7556}") = "ApplicationProperty", "ApplicationProperty\ApplicationProperty.csproj", "{586F5B7A-DA56-4FEC-B02E-0C95007E21C0}"
EndProject
Project("{FAE04EC0-301F-11D3-BF4B-00C04F79EFBC}") = "DirectoryComparison", "DirectoryComparison\DirectoryComparison.csproj", "{CAF2CE27-7022-4463-AF8F-1D5FA77E7DF2}"
EndProject
Global
	GlobalSection(SolutionConfigurationPlatforms) = preSolution
		Debug|Any CPU = Debug|Any CPU
		Debug|x64 = Debug|x64
		Release|Any CPU = Release|Any CPU
		Release|x64 = Release|x64
	EndGlobalSection
	GlobalSection(ProjectConfigurationPlatforms) = postSolution
		{61D64752-7DB6-4708-9C5D-788CD09C6A73}.Debug|Any CPU.ActiveCfg = Debug|Any CPU
		{61D64752-7DB6-4708-9C5D-788CD09C6A73}.Debug|Any CPU.Build.0 = Debug|Any CPU
		{61D64752-7DB6-4708-9C5D-788CD09C6A73}.Debug|x64.ActiveCfg = Debug|x64
		{61D64752-7DB6-4708-9C5D-788CD09C6A73}.Debug|x64.Build.0 = Debug|x64
		{61D64752-7DB6-4708-9C5D-788CD09C6A73}.Release|Any CPU.ActiveCfg = Release|Any CPU
		{61D64752-7DB6-4708-9C5D-788CD09C6A73}.Release|Any CPU.Build.0 = Release|Any CPU
		{61D64752-7DB6-4708-9C5D-788CD09C6A73}.Release|x64.ActiveCfg = Release|x64
		{61D64752-7DB6-4708-9C5D-788CD09C6A73}.Release|x64.Build.0 = Release|x64
		{DA1685A9-28D2-4BD0-A286-8A3CCAE03346}.Debug|Any CPU.ActiveCfg = Debug|Any CPU
		{DA1685A9-28D2-4BD0-A286-8A3CCAE03346}.Debug|Any CPU.Build.0 = Debug|Any CPU
		{DA1685A9-28D2-4BD0-A286-8A3CCAE03346}.Debug|x64.ActiveCfg = Debug|Any CPU
		{DA1685A9-28D2-4BD0-A286-8A3CCAE03346}.Debug|x64.Build.0 = Debug|Any CPU
		{DA1685A9-28D2-4BD0-A286-8A3CCAE03346}.Release|Any CPU.ActiveCfg = Release|Any CPU
		{DA1685A9-28D2-4BD0-A286-8A3CCAE03346}.Release|Any CPU.Build.0 = Release|Any CPU
		{DA1685A9-28D2-4BD0-A286-8A3CCAE03346}.Release|x64.ActiveCfg = Release|Any CPU
		{DA1685A9-28D2-4BD0-A286-8A3CCAE03346}.Release|x64.Build.0 = Release|Any CPU
		{BBDFED73-B182-48A1-8608-4D9CC276459D}.Debug|Any CPU.ActiveCfg = Debug|Any CPU
		{BBDFED73-B182-48A1-8608-4D9CC276459D}.Debug|Any CPU.Build.0 = Debug|Any CPU
		{BBDFED73-B182-48A1-8608-4D9CC276459D}.Debug|x64.ActiveCfg = Debug|Any CPU
		{BBDFED73-B182-48A1-8608-4D9CC276459D}.Debug|x64.Build.0 = Debug|Any CPU
		{BBDFED73-B182-48A1-8608-4D9CC276459D}.Release|Any CPU.ActiveCfg = Release|Any CPU
		{BBDFED73-B182-48A1-8608-4D9CC276459D}.Release|Any CPU.Build.0 = Release|Any CPU
		{BBDFED73-B182-48A1-8608-4D9CC276459D}.Release|x64.ActiveCfg = Release|Any CPU
		{BBDFED73-B182-48A1-8608-4D9CC276459D}.Release|x64.Build.0 = Release|Any CPU
		{CAEF4DC6-AF74-4FC0-AE9D-FB90BFB3E532}.Debug|Any CPU.ActiveCfg = Debug|Any CPU
		{CAEF4DC6-AF74-4FC0-AE9D-FB90BFB3E532}.Debug|Any CPU.Build.0 = Debug|Any CPU
		{CAEF4DC6-AF74-4FC0-AE9D-FB90BFB3E532}.Debug|x64.ActiveCfg = Debug|Any CPU
		{CAEF4DC6-AF74-4FC0-AE9D-FB90BFB3E532}.Debug|x64.Build.0 = Debug|Any CPU
		{CAEF4DC6-AF74-4FC0-AE9D-FB90BFB3E532}.Release|Any CPU.ActiveCfg = Release|Any CPU
		{CAEF4DC6-AF74-4FC0-AE9D-FB90BFB3E532}.Release|Any CPU.Build.0 = Release|Any CPU
		{CAEF4DC6-AF74-4FC0-AE9D-FB90BFB3E532}.Release|x64.ActiveCfg = Release|Any CPU
		{CAEF4DC6-AF74-4FC0-AE9D-FB90BFB3E532}.Release|x64.Build.0 = Release|Any CPU
		{AE4CBAE7-E026-4207-B3D0-131A2CF286E7}.Debug|Any CPU.ActiveCfg = Debug|Any CPU
		{AE4CBAE7-E026-4207-B3D0-131A2CF286E7}.Debug|Any CPU.Build.0 = Debug|Any CPU
		{AE4CBAE7-E026-4207-B3D0-131A2CF286E7}.Debug|x64.ActiveCfg = Debug|Any CPU
		{AE4CBAE7-E026-4207-B3D0-131A2CF286E7}.Debug|x64.Build.0 = Debug|Any CPU
		{AE4CBAE7-E026-4207-B3D0-131A2CF286E7}.Release|Any CPU.ActiveCfg = Release|Any CPU
		{AE4CBAE7-E026-4207-B3D0-131A2CF286E7}.Release|Any CPU.Build.0 = Release|Any CPU
		{AE4CBAE7-E026-4207-B3D0-131A2CF286E7}.Release|x64.ActiveCfg = Release|Any CPU
		{AE4CBAE7-E026-4207-B3D0-131A2CF286E7}.Release|x64.Build.0 = Release|Any CPU
		{C8F4AE21-9ABA-4D32-ADE1-0587C5E3A346}.Debug|Any CPU.ActiveCfg = Debug|Any CPU
		{C8F4AE21-9ABA-4D32-ADE1-0587C5E3A346}.Debug|Any CPU.Build.0 = Debug|Any CPU
		{C8F4AE21-9ABA-4D32-ADE1-0587C5E3A346}.Debug|x64.ActiveCfg = Debug|Any CPU
		{C8F4AE21-9ABA-4D32-ADE1-0587C5E3A346}.Debug|x64.Build.0 = Debug|Any CPU
		{C8F4AE21-9ABA-4D32-ADE1-0587C5E3A346}.Release|Any CPU.ActiveCfg = Release|Any CPU
		{C8F4AE21-9ABA-4D32-ADE1-0587C5E3A346}.Release|Any CPU.Build.0 = Release|Any CPU
		{C8F4AE21-9ABA-4D32-ADE1-0587C5E3A346}.Release|x64.ActiveCfg = Release|Any CPU
		{C8F4AE21-9ABA-4D32-ADE1-0587C5E3A346}.Release|x64.Build.0 = Release|Any CPU
		{B99BE30E-6E55-4137-A6B0-8E11EC0DF519}.Debug|Any CPU.ActiveCfg = Debug|Any CPU
		{B99BE30E-6E55-4137-A6B0-8E11EC0DF519}.Debug|Any CPU.Build.0 = Debug|Any CPU
		{B99BE30E-6E55-4137-A6B0-8E11EC0DF519}.Debug|x64.ActiveCfg = Debug|Any CPU
		{B99BE30E-6E55-4137-A6B0-8E11EC0DF519}.Debug|x64.Build.0 = Debug|Any CPU
		{B99BE30E-6E55-4137-A6B0-8E11EC0DF519}.Release|Any CPU.ActiveCfg = Release|Any CPU
		{B99BE30E-6E55-4137-A6B0-8E11EC0DF519}.Release|Any CPU.Build.0 = Release|Any CPU
		{B99BE30E-6E55-4137-A6B0-8E11EC0DF519}.Release|x64.ActiveCfg = Release|Any CPU
		{B99BE30E-6E55-4137-A6B0-8E11EC0DF519}.Release|x64.Build.0 = Release|Any CPU
		{E24F35EF-41B0-4E92-93AB-2D7D6DBF0B70}.Debug|Any CPU.ActiveCfg = Debug|Any CPU
		{E24F35EF-41B0-4E92-93AB-2D7D6DBF0B70}.Debug|Any CPU.Build.0 = Debug|Any CPU
		{E24F35EF-41B0-4E92-93AB-2D7D6DBF0B70}.Debug|x64.ActiveCfg = Debug|Any CPU
		{E24F35EF-41B0-4E92-93AB-2D7D6DBF0B70}.Debug|x64.Build.0 = Debug|Any CPU
		{E24F35EF-41B0-4E92-93AB-2D7D6DBF0B70}.Release|Any CPU.ActiveCfg = Release|Any CPU
		{E24F35EF-41B0-4E92-93AB-2D7D6DBF0B70}.Release|Any CPU.Build.0 = Release|Any CPU
		{E24F35EF-41B0-4E92-93AB-2D7D6DBF0B70}.Release|x64.ActiveCfg = Release|Any CPU
		{E24F35EF-41B0-4E92-93AB-2D7D6DBF0B70}.Release|x64.Build.0 = Release|Any CPU
		{F10B498F-757B-4398-A734-E430528EBCB3}.Debug|Any CPU.ActiveCfg = Debug|Any CPU
		{F10B498F-757B-4398-A734-E430528EBCB3}.Debug|Any CPU.Build.0 = Debug|Any CPU
		{F10B498F-757B-4398-A734-E430528EBCB3}.Debug|x64.ActiveCfg = Debug|Any CPU
		{F10B498F-757B-4398-A734-E430528EBCB3}.Debug|x64.Build.0 = Debug|Any CPU
		{F10B498F-757B-4398-A734-E430528EBCB3}.Release|Any CPU.ActiveCfg = Release|Any CPU
		{F10B498F-757B-4398-A734-E430528EBCB3}.Release|Any CPU.Build.0 = Release|Any CPU
		{F10B498F-757B-4398-A734-E430528EBCB3}.Release|x64.ActiveCfg = Release|Any CPU
		{F10B498F-757B-4398-A734-E430528EBCB3}.Release|x64.Build.0 = Release|Any CPU
		{CBCEA717-F30A-4235-8329-B201B826C433}.Debug|Any CPU.ActiveCfg = Debug|Any CPU
		{CBCEA717-F30A-4235-8329-B201B826C433}.Debug|Any CPU.Build.0 = Debug|Any CPU
		{CBCEA717-F30A-4235-8329-B201B826C433}.Debug|x64.ActiveCfg = Debug|Any CPU
		{CBCEA717-F30A-4235-8329-B201B826C433}.Debug|x64.Build.0 = Debug|Any CPU
		{CBCEA717-F30A-4235-8329-B201B826C433}.Release|Any CPU.ActiveCfg = Release|Any CPU
		{CBCEA717-F30A-4235-8329-B201B826C433}.Release|Any CPU.Build.0 = Release|Any CPU
		{CBCEA717-F30A-4235-8329-B201B826C433}.Release|x64.ActiveCfg = Release|Any CPU
		{CBCEA717-F30A-4235-8329-B201B826C433}.Release|x64.Build.0 = Release|Any CPU
		{D0B34C6B-4158-4DD6-A08C-B238EEB5CC91}.Debug|Any CPU.ActiveCfg = Debug|Any CPU
		{D0B34C6B-4158-4DD6-A08C-B238EEB5CC91}.Debug|Any CPU.Build.0 = Debug|Any CPU
		{D0B34C6B-4158-4DD6-A08C-B238EEB5CC91}.Debug|x64.ActiveCfg = Debug|Any CPU
		{D0B34C6B-4158-4DD6-A08C-B238EEB5CC91}.Debug|x64.Build.0 = Debug|Any CPU
		{D0B34C6B-4158-4DD6-A08C-B238EEB5CC91}.Release|Any CPU.ActiveCfg = Release|Any CPU
		{D0B34C6B-4158-4DD6-A08C-B238EEB5CC91}.Release|Any CPU.Build.0 = Release|Any CPU
		{D0B34C6B-4158-4DD6-A08C-B238EEB5CC91}.Release|x64.ActiveCfg = Release|Any CPU
		{D0B34C6B-4158-4DD6-A08C-B238EEB5CC91}.Release|x64.Build.0 = Release|Any CPU
		{586F5B7A-DA56-4FEC-B02E-0C95007E21C0}.Debug|Any CPU.ActiveCfg = Debug|Any CPU
		{586F5B7A-DA56-4FEC-B02E-0C95007E21C0}.Debug|Any CPU.Build.0 = Debug|Any CPU
		{586F5B7A-DA56-4FEC-B02E-0C95007E21C0}.Debug|x64.ActiveCfg = Debug|Any CPU
		{586F5B7A-DA56-4FEC-B02E-0C95007E21C0}.Debug|x64.Build.0 = Debug|Any CPU
		{586F5B7A-DA56-4FEC-B02E-0C95007E21C0}.Release|Any CPU.ActiveCfg = Release|Any CPU
		{586F5B7A-DA56-4FEC-B02E-0C95007E21C0}.Release|Any CPU.Build.0 = Release|Any CPU
		{586F5B7A-DA56-4FEC-B02E-0C95007E21C0}.Release|x64.ActiveCfg = Release|Any CPU
		{586F5B7A-DA56-4FEC-B02E-0C95007E21C0}.Release|x64.Build.0 = Release|Any CPU
		{CAF2CE27-7022-4463-AF8F-1D5FA77E7DF2}.Debug|Any CPU.ActiveCfg = Debug|Any CPU
		{CAF2CE27-7022-4463-AF8F-1D5FA77E7DF2}.Debug|Any CPU.Build.0 = Debug|Any CPU
		{CAF2CE27-7022-4463-AF8F-1D5FA77E7DF2}.Debug|x64.ActiveCfg = Debug|Any CPU
		{CAF2CE27-7022-4463-AF8F-1D5FA77E7DF2}.Debug|x64.Build.0 = Debug|Any CPU
		{CAF2CE27-7022-4463-AF8F-1D5FA77E7DF2}.Release|Any CPU.ActiveCfg = Release|Any CPU
		{CAF2CE27-7022-4463-AF8F-1D5FA77E7DF2}.Release|Any CPU.Build.0 = Release|Any CPU
		{CAF2CE27-7022-4463-AF8F-1D5FA77E7DF2}.Release|x64.ActiveCfg = Release|Any CPU
		{CAF2CE27-7022-4463-AF8F-1D5FA77E7DF2}.Release|x64.Build.0 = Release|Any CPU
	EndGlobalSection
	GlobalSection(SolutionProperties) = preSolution
		HideSolutionNode = FALSE
	EndGlobalSection
	GlobalSection(ExtensibilityGlobals) = postSolution
		SolutionGuid = {AE4203DC-DEB1-4A86-AB57-CF8E9F448EAB}
	EndGlobalSection
EndGlobal
